
Microsoft Visual Studio Solution File, Format Version 12.00
# Visual Studio 15
VisualStudioVersion = 15.0.28010.2003
MinimumVisualStudioVersion = 10.0.40219.1
Project("{FAE04EC0-301F-11D3-BF4B-00C04F79EFBC}") = "Vidly", "Vidly\Vidly.csproj", "{2B07F175-2E2E-4A0E-8A19-FF2601FCA76C}"
EndProject
Project("{FAE04EC0-301F-11D3-BF4B-00C04F79EFBC}") = "Vidly.Tests", "Vidly.Tests\Vidly.Tests.csproj", "{49BB6E80-B03D-45D3-8F25-B11E5971E20D}"
EndProject
Global
	GlobalSection(SolutionConfigurationPlatforms) = preSolution
		Debug|Any CPU = Debug|Any CPU
		Release|Any CPU = Release|Any CPU
	EndGlobalSection
	GlobalSection(ProjectConfigurationPlatforms) = postSolution
		{2B07F175-2E2E-4A0E-8A19-FF2601FCA76C}.Debug|Any CPU.ActiveCfg = Debug|Any CPU
		{2B07F175-2E2E-4A0E-8A19-FF2601FCA76C}.Debug|Any CPU.Build.0 = Debug|Any CPU
		{2B07F175-2E2E-4A0E-8A19-FF2601FCA76C}.Release|Any CPU.ActiveCfg = Release|Any CPU
		{2B07F175-2E2E-4A0E-8A19-FF2601FCA76C}.Release|Any CPU.Build.0 = Release|Any CPU
		{49BB6E80-B03D-45D3-8F25-B11E5971E20D}.Debug|Any CPU.ActiveCfg = Debug|Any CPU
		{49BB6E80-B03D-45D3-8F25-B11E5971E20D}.Debug|Any CPU.Build.0 = Debug|Any CPU
		{49BB6E80-B03D-45D3-8F25-B11E5971E20D}.Release|Any CPU.ActiveCfg = Release|Any CPU
		{49BB6E80-B03D-45D3-8F25-B11E5971E20D}.Release|Any CPU.Build.0 = Release|Any CPU
	EndGlobalSection
	GlobalSection(SolutionProperties) = preSolution
		HideSolutionNode = FALSE
	EndGlobalSection
	GlobalSection(ExtensibilityGlobals) = postSolution
		SolutionGuid = {3DDD6CA1-0BF2-47A0-852D-4463A5F33BA5}
	EndGlobalSection
EndGlobal
